
Microsoft Visual Studio Solution File, Format Version 12.00
# Visual Studio Version 17
VisualStudioVersion = 17.5.33516.290
MinimumVisualStudioVersion = 10.0.40219.1
Project("{9A19103F-16F7-4668-BE54-9A1E7A4F7556}") = "VariantsC", "VariantsC\VariantsC.csproj", "{0CAD073A-D529-4D8A-AEE6-B82CFDCE8A01}"
EndProject
Project("{9A19103F-16F7-4668-BE54-9A1E7A4F7556}") = "FullElite", "FullElite\FullElite.csproj", "{5065F7AA-C640-47CE-B647-930647E1054E}"
EndProject
Project("{FAE04EC0-301F-11D3-BF4B-00C04F79EFBC}") = "RngFix", "RngFix\RngFix.csproj", "{370F8342-AFCC-433D-8D73-F019224B150A}"
EndProject
Global
	GlobalSection(SolutionConfigurationPlatforms) = preSolution
		Debug|Any CPU = Debug|Any CPU
		Release|Any CPU = Release|Any CPU
	EndGlobalSection
	GlobalSection(ProjectConfigurationPlatforms) = postSolution
		{0CAD073A-D529-4D8A-AEE6-B82CFDCE8A01}.Debug|Any CPU.ActiveCfg = Debug|Any CPU
		{0CAD073A-D529-4D8A-AEE6-B82CFDCE8A01}.Debug|Any CPU.Build.0 = Debug|Any CPU
		{0CAD073A-D529-4D8A-AEE6-B82CFDCE8A01}.Release|Any CPU.ActiveCfg = Release|Any CPU
		{0CAD073A-D529-4D8A-AEE6-B82CFDCE8A01}.Release|Any CPU.Build.0 = Release|Any CPU
		{5065F7AA-C640-47CE-B647-930647E1054E}.Debug|Any CPU.ActiveCfg = Debug|Any CPU
		{5065F7AA-C640-47CE-B647-930647E1054E}.Debug|Any CPU.Build.0 = Debug|Any CPU
		{5065F7AA-C640-47CE-B647-930647E1054E}.Release|Any CPU.ActiveCfg = Release|Any CPU
		{5065F7AA-C640-47CE-B647-930647E1054E}.Release|Any CPU.Build.0 = Release|Any CPU
		{370F8342-AFCC-433D-8D73-F019224B150A}.Debug|Any CPU.ActiveCfg = Debug|Any CPU
		{370F8342-AFCC-433D-8D73-F019224B150A}.Debug|Any CPU.Build.0 = Debug|Any CPU
		{370F8342-AFCC-433D-8D73-F019224B150A}.Release|Any CPU.ActiveCfg = Release|Any CPU
		{370F8342-AFCC-433D-8D73-F019224B150A}.Release|Any CPU.Build.0 = Release|Any CPU
	EndGlobalSection
	GlobalSection(SolutionProperties) = preSolution
		HideSolutionNode = FALSE
	EndGlobalSection
	GlobalSection(ExtensibilityGlobals) = postSolution
		SolutionGuid = {2C1940FA-0A1B-4D4B-B9A1-F5229FB8B25D}
	EndGlobalSection
EndGlobal
